
Microsoft Visual Studio Solution File, Format Version 12.00
# Visual Studio Version 16
VisualStudioVersion = 16.0.31702.278
MinimumVisualStudioVersion = 10.0.40219.1
Project("{9A19103F-16F7-4668-BE54-9A1E7A4F7556}") = "POT_CV1", "POT_CV1\POT_CV1.csproj", "{C47FB049-9642-4D4D-95CF-B5526A4D08B4}"
EndProject
Project("{FAE04EC0-301F-11D3-BF4B-00C04F79EFBC}") = "POT_DU1", "POT_DU1\POT_DU1.csproj", "{17E26DF7-CEAB-4B24-8450-176A9EAFD7AA}"
EndProject
Global
	GlobalSection(SolutionConfigurationPlatforms) = preSolution
		Debug|Any CPU = Debug|Any CPU
		Release|Any CPU = Release|Any CPU
	EndGlobalSection
	GlobalSection(ProjectConfigurationPlatforms) = postSolution
		{C47FB049-9642-4D4D-95CF-B5526A4D08B4}.Debug|Any CPU.ActiveCfg = Debug|Any CPU
		{C47FB049-9642-4D4D-95CF-B5526A4D08B4}.Debug|Any CPU.Build.0 = Debug|Any CPU
		{C47FB049-9642-4D4D-95CF-B5526A4D08B4}.Release|Any CPU.ActiveCfg = Release|Any CPU
		{C47FB049-9642-4D4D-95CF-B5526A4D08B4}.Release|Any CPU.Build.0 = Release|Any CPU
		{17E26DF7-CEAB-4B24-8450-176A9EAFD7AA}.Debug|Any CPU.ActiveCfg = Debug|Any CPU
		{17E26DF7-CEAB-4B24-8450-176A9EAFD7AA}.Debug|Any CPU.Build.0 = Debug|Any CPU
		{17E26DF7-CEAB-4B24-8450-176A9EAFD7AA}.Release|Any CPU.ActiveCfg = Release|Any CPU
		{17E26DF7-CEAB-4B24-8450-176A9EAFD7AA}.Release|Any CPU.Build.0 = Release|Any CPU
	EndGlobalSection
	GlobalSection(SolutionProperties) = preSolution
		HideSolutionNode = FALSE
	EndGlobalSection
	GlobalSection(ExtensibilityGlobals) = postSolution
		SolutionGuid = {E6191433-0822-4BD6-BD03-0ED87B0E62EA}
	EndGlobalSection
EndGlobal
